
Microsoft Visual Studio Solution File, Format Version 12.00
# Visual Studio Version 17
VisualStudioVersion = 17.1.32328.378
MinimumVisualStudioVersion = 10.0.40219.1
Project("{FAE04EC0-301F-11D3-BF4B-00C04F79EFBC}") = "Zadanie4", "Zadanie4\Zadanie4.csproj", "{58CDFAC2-6944-4D91-9963-1A03B7D01E54}"
EndProject
Global
	GlobalSection(SolutionConfigurationPlatforms) = preSolution
		Debug|Any CPU = Debug|Any CPU
		Release|Any CPU = Release|Any CPU
	EndGlobalSection
	GlobalSection(ProjectConfigurationPlatforms) = postSolution
		{58CDFAC2-6944-4D91-9963-1A03B7D01E54}.Debug|Any CPU.ActiveCfg = Debug|Any CPU
		{58CDFAC2-6944-4D91-9963-1A03B7D01E54}.Debug|Any CPU.Build.0 = Debug|Any CPU
		{58CDFAC2-6944-4D91-9963-1A03B7D01E54}.Release|Any CPU.ActiveCfg = Release|Any CPU
		{58CDFAC2-6944-4D91-9963-1A03B7D01E54}.Release|Any CPU.Build.0 = Release|Any CPU
	EndGlobalSection
	GlobalSection(SolutionProperties) = preSolution
		HideSolutionNode = FALSE
	EndGlobalSection
	GlobalSection(ExtensibilityGlobals) = postSolution
		SolutionGuid = {ED3EC211-D5F8-4C70-836C-81AE34A081F0}
	EndGlobalSection
EndGlobal
